
Microsoft Visual Studio Solution File, Format Version 12.00
Project("{FAE04EC0-301F-11D3-BF4B-00C04F79EFBC}") = "ControllersExample", "ControllersExample\ControllersExample.csproj", "{0DA7FD3A-0940-42AC-9256-A921DFE050B9}"
EndProject
Project("{FAE04EC0-301F-11D3-BF4B-00C04F79EFBC}") = "IActionResultExample", "IActionResultExample\IActionResultExample.csproj", "{3FBF40C9-5595-4151-ABE5-0A69C511B187}"
EndProject
Project("{FAE04EC0-301F-11D3-BF4B-00C04F79EFBC}") = "ModelValidationsExample", "ModelValidationsExample\ModelValidationsExample.csproj", "{BFCA9A1C-E83D-421D-B5BA-49E206F75DB4}"
EndProject
Project("{FAE04EC0-301F-11D3-BF4B-00C04F79EFBC}") = "ViewExample", "ViewExample\ViewExample.csproj", "{3ED10A97-CBDC-48D6-AD50-1CB5015F9AB3}"
EndProject
Project("{FAE04EC0-301F-11D3-BF4B-00C04F79EFBC}") = "LayoutViewsExample", "LayoutViewsExample\LayoutViewsExample.csproj", "{4868CADA-C5A3-42B9-AB83-40640BD676FF}"
EndProject
Project("{FAE04EC0-301F-11D3-BF4B-00C04F79EFBC}") = "PartialViewsExample", "PartialViewsExample\PartialViewsExample.csproj", "{13B0836E-2279-4577-8158-DE480590408A}"
EndProject
Project("{FAE04EC0-301F-11D3-BF4B-00C04F79EFBC}") = "ViewComponentsExample", "ViewComponentsExample\ViewComponentsExample.csproj", "{EA9A5693-7738-4C6B-B21A-A00C68E136DC}"
EndProject
Project("{FAE04EC0-301F-11D3-BF4B-00C04F79EFBC}") = "DIExample", "DIExample\DIExample.csproj", "{7606CDDF-DAD8-470B-81D5-6931D7D87C44}"
EndProject
Project("{FAE04EC0-301F-11D3-BF4B-00C04F79EFBC}") = "Services", "Services\Services.csproj", "{72588D76-E5E7-487C-8530-DA51ABD71C5C}"
EndProject
Project("{FAE04EC0-301F-11D3-BF4B-00C04F79EFBC}") = "ServiceContracts", "ServiceContracts\ServiceContracts.csproj", "{22BD3298-AA79-4B94-82AD-FEEDCEDE0A28}"
EndProject
Project("{FAE04EC0-301F-11D3-BF4B-00C04F79EFBC}") = "EnvironmentsExample", "EnvironmentsExample\EnvironmentsExample.csproj", "{9C6E992D-C4B9-46B4-8866-6CF37340BDED}"
EndProject
Project("{FAE04EC0-301F-11D3-BF4B-00C04F79EFBC}") = "ConfigurationExample", "ConfigurationExample\ConfigurationExample.csproj", "{A785F5B7-4C00-46A4-8B8F-10D5E0A9709B}"
EndProject
Project("{FAE04EC0-301F-11D3-BF4B-00C04F79EFBC}") = "StocksApp", "StocksApp\StocksApp.csproj", "{5A3C22D2-0B0A-445C-B33F-E23CF1FCFB6F}"
EndProject
Global
	GlobalSection(SolutionConfigurationPlatforms) = preSolution
		Debug|Any CPU = Debug|Any CPU
		Release|Any CPU = Release|Any CPU
	EndGlobalSection
	GlobalSection(ProjectConfigurationPlatforms) = postSolution
		{0DA7FD3A-0940-42AC-9256-A921DFE050B9}.Debug|Any CPU.ActiveCfg = Debug|Any CPU
		{0DA7FD3A-0940-42AC-9256-A921DFE050B9}.Debug|Any CPU.Build.0 = Debug|Any CPU
		{0DA7FD3A-0940-42AC-9256-A921DFE050B9}.Release|Any CPU.ActiveCfg = Release|Any CPU
		{0DA7FD3A-0940-42AC-9256-A921DFE050B9}.Release|Any CPU.Build.0 = Release|Any CPU
		{3FBF40C9-5595-4151-ABE5-0A69C511B187}.Debug|Any CPU.ActiveCfg = Debug|Any CPU
		{3FBF40C9-5595-4151-ABE5-0A69C511B187}.Debug|Any CPU.Build.0 = Debug|Any CPU
		{3FBF40C9-5595-4151-ABE5-0A69C511B187}.Release|Any CPU.ActiveCfg = Release|Any CPU
		{3FBF40C9-5595-4151-ABE5-0A69C511B187}.Release|Any CPU.Build.0 = Release|Any CPU
		{BFCA9A1C-E83D-421D-B5BA-49E206F75DB4}.Debug|Any CPU.ActiveCfg = Debug|Any CPU
		{BFCA9A1C-E83D-421D-B5BA-49E206F75DB4}.Debug|Any CPU.Build.0 = Debug|Any CPU
		{BFCA9A1C-E83D-421D-B5BA-49E206F75DB4}.Release|Any CPU.ActiveCfg = Release|Any CPU
		{BFCA9A1C-E83D-421D-B5BA-49E206F75DB4}.Release|Any CPU.Build.0 = Release|Any CPU
		{3ED10A97-CBDC-48D6-AD50-1CB5015F9AB3}.Debug|Any CPU.ActiveCfg = Debug|Any CPU
		{3ED10A97-CBDC-48D6-AD50-1CB5015F9AB3}.Debug|Any CPU.Build.0 = Debug|Any CPU
		{3ED10A97-CBDC-48D6-AD50-1CB5015F9AB3}.Release|Any CPU.ActiveCfg = Release|Any CPU
		{3ED10A97-CBDC-48D6-AD50-1CB5015F9AB3}.Release|Any CPU.Build.0 = Release|Any CPU
		{4868CADA-C5A3-42B9-AB83-40640BD676FF}.Debug|Any CPU.ActiveCfg = Debug|Any CPU
		{4868CADA-C5A3-42B9-AB83-40640BD676FF}.Debug|Any CPU.Build.0 = Debug|Any CPU
		{4868CADA-C5A3-42B9-AB83-40640BD676FF}.Release|Any CPU.ActiveCfg = Release|Any CPU
		{4868CADA-C5A3-42B9-AB83-40640BD676FF}.Release|Any CPU.Build.0 = Release|Any CPU
		{13B0836E-2279-4577-8158-DE480590408A}.Debug|Any CPU.ActiveCfg = Debug|Any CPU
		{13B0836E-2279-4577-8158-DE480590408A}.Debug|Any CPU.Build.0 = Debug|Any CPU
		{13B0836E-2279-4577-8158-DE480590408A}.Release|Any CPU.ActiveCfg = Release|Any CPU
		{13B0836E-2279-4577-8158-DE480590408A}.Release|Any CPU.Build.0 = Release|Any CPU
		{EA9A5693-7738-4C6B-B21A-A00C68E136DC}.Debug|Any CPU.ActiveCfg = Debug|Any CPU
		{EA9A5693-7738-4C6B-B21A-A00C68E136DC}.Debug|Any CPU.Build.0 = Debug|Any CPU
		{EA9A5693-7738-4C6B-B21A-A00C68E136DC}.Release|Any CPU.ActiveCfg = Release|Any CPU
		{EA9A5693-7738-4C6B-B21A-A00C68E136DC}.Release|Any CPU.Build.0 = Release|Any CPU
		{7606CDDF-DAD8-470B-81D5-6931D7D87C44}.Debug|Any CPU.ActiveCfg = Debug|Any CPU
		{7606CDDF-DAD8-470B-81D5-6931D7D87C44}.Debug|Any CPU.Build.0 = Debug|Any CPU
		{7606CDDF-DAD8-470B-81D5-6931D7D87C44}.Release|Any CPU.ActiveCfg = Release|Any CPU
		{7606CDDF-DAD8-470B-81D5-6931D7D87C44}.Release|Any CPU.Build.0 = Release|Any CPU
		{72588D76-E5E7-487C-8530-DA51ABD71C5C}.Debug|Any CPU.ActiveCfg = Debug|Any CPU
		{72588D76-E5E7-487C-8530-DA51ABD71C5C}.Debug|Any CPU.Build.0 = Debug|Any CPU
		{72588D76-E5E7-487C-8530-DA51ABD71C5C}.Release|Any CPU.ActiveCfg = Release|Any CPU
		{72588D76-E5E7-487C-8530-DA51ABD71C5C}.Release|Any CPU.Build.0 = Release|Any CPU
		{22BD3298-AA79-4B94-82AD-FEEDCEDE0A28}.Debug|Any CPU.ActiveCfg = Debug|Any CPU
		{22BD3298-AA79-4B94-82AD-FEEDCEDE0A28}.Debug|Any CPU.Build.0 = Debug|Any CPU
		{22BD3298-AA79-4B94-82AD-FEEDCEDE0A28}.Release|Any CPU.ActiveCfg = Release|Any CPU
		{22BD3298-AA79-4B94-82AD-FEEDCEDE0A28}.Release|Any CPU.Build.0 = Release|Any CPU
		{9C6E992D-C4B9-46B4-8866-6CF37340BDED}.Debug|Any CPU.ActiveCfg = Debug|Any CPU
		{9C6E992D-C4B9-46B4-8866-6CF37340BDED}.Debug|Any CPU.Build.0 = Debug|Any CPU
		{9C6E992D-C4B9-46B4-8866-6CF37340BDED}.Release|Any CPU.ActiveCfg = Release|Any CPU
		{9C6E992D-C4B9-46B4-8866-6CF37340BDED}.Release|Any CPU.Build.0 = Release|Any CPU
		{A785F5B7-4C00-46A4-8B8F-10D5E0A9709B}.Debug|Any CPU.ActiveCfg = Debug|Any CPU
		{A785F5B7-4C00-46A4-8B8F-10D5E0A9709B}.Debug|Any CPU.Build.0 = Debug|Any CPU
		{A785F5B7-4C00-46A4-8B8F-10D5E0A9709B}.Release|Any CPU.ActiveCfg = Release|Any CPU
		{A785F5B7-4C00-46A4-8B8F-10D5E0A9709B}.Release|Any CPU.Build.0 = Release|Any CPU
		{5A3C22D2-0B0A-445C-B33F-E23CF1FCFB6F}.Debug|Any CPU.ActiveCfg = Debug|Any CPU
		{5A3C22D2-0B0A-445C-B33F-E23CF1FCFB6F}.Debug|Any CPU.Build.0 = Debug|Any CPU
		{5A3C22D2-0B0A-445C-B33F-E23CF1FCFB6F}.Release|Any CPU.ActiveCfg = Release|Any CPU
		{5A3C22D2-0B0A-445C-B33F-E23CF1FCFB6F}.Release|Any CPU.Build.0 = Release|Any CPU
	EndGlobalSection
EndGlobal
